
Microsoft Visual Studio Solution File, Format Version 12.00
# Visual Studio Version 17
VisualStudioVersion = 17.5.2.0
MinimumVisualStudioVersion = 10.0.40219.1
Project("{FAE04EC0-301F-11D3-BF4B-00C04F79EFBC}") = "Splittat.API", "Splittat.API\Splittat.API.csproj", "{BB2DF095-7580-77AC-0003-1B7DC74E01C2}"
EndProject
Project("{FAE04EC0-301F-11D3-BF4B-00C04F79EFBC}") = "Splittat.API.Tests", "Splittat.API.Tests\Splittat.API.Tests.csproj", "{21AA590E-EFAD-4943-BA75-0D4C979E84F0}"
EndProject
Global
	GlobalSection(SolutionConfigurationPlatforms) = preSolution
		Debug|Any CPU = Debug|Any CPU
		Debug|x64 = Debug|x64
		Debug|x86 = Debug|x86
		Release|Any CPU = Release|Any CPU
		Release|x64 = Release|x64
		Release|x86 = Release|x86
	EndGlobalSection
	GlobalSection(ProjectConfigurationPlatforms) = postSolution
		{BB2DF095-7580-77AC-0003-1B7DC74E01C2}.Debug|Any CPU.ActiveCfg = Debug|Any CPU
		{BB2DF095-7580-77AC-0003-1B7DC74E01C2}.Debug|Any CPU.Build.0 = Debug|Any CPU
		{BB2DF095-7580-77AC-0003-1B7DC74E01C2}.Debug|x64.ActiveCfg = Debug|Any CPU
		{BB2DF095-7580-77AC-0003-1B7DC74E01C2}.Debug|x64.Build.0 = Debug|Any CPU
		{BB2DF095-7580-77AC-0003-1B7DC74E01C2}.Debug|x86.ActiveCfg = Debug|Any CPU
		{BB2DF095-7580-77AC-0003-1B7DC74E01C2}.Debug|x86.Build.0 = Debug|Any CPU
		{BB2DF095-7580-77AC-0003-1B7DC74E01C2}.Release|Any CPU.ActiveCfg = Release|Any CPU
		{BB2DF095-7580-77AC-0003-1B7DC74E01C2}.Release|Any CPU.Build.0 = Release|Any CPU
		{BB2DF095-7580-77AC-0003-1B7DC74E01C2}.Release|x64.ActiveCfg = Release|Any CPU
		{BB2DF095-7580-77AC-0003-1B7DC74E01C2}.Release|x64.Build.0 = Release|Any CPU
		{BB2DF095-7580-77AC-0003-1B7DC74E01C2}.Release|x86.ActiveCfg = Release|Any CPU
		{BB2DF095-7580-77AC-0003-1B7DC74E01C2}.Release|x86.Build.0 = Release|Any CPU
		{21AA590E-EFAD-4943-BA75-0D4C979E84F0}.Debug|Any CPU.ActiveCfg = Debug|Any CPU
		{21AA590E-EFAD-4943-BA75-0D4C979E84F0}.Debug|Any CPU.Build.0 = Debug|Any CPU
		{21AA590E-EFAD-4943-BA75-0D4C979E84F0}.Debug|x64.ActiveCfg = Debug|Any CPU
		{21AA590E-EFAD-4943-BA75-0D4C979E84F0}.Debug|x64.Build.0 = Debug|Any CPU
		{21AA590E-EFAD-4943-BA75-0D4C979E84F0}.Debug|x86.ActiveCfg = Debug|Any CPU
		{21AA590E-EFAD-4943-BA75-0D4C979E84F0}.Debug|x86.Build.0 = Debug|Any CPU
		{21AA590E-EFAD-4943-BA75-0D4C979E84F0}.Release|Any CPU.ActiveCfg = Release|Any CPU
		{21AA590E-EFAD-4943-BA75-0D4C979E84F0}.Release|Any CPU.Build.0 = Release|Any CPU
		{21AA590E-EFAD-4943-BA75-0D4C979E84F0}.Release|x64.ActiveCfg = Release|Any CPU
		{21AA590E-EFAD-4943-BA75-0D4C979E84F0}.Release|x64.Build.0 = Release|Any CPU
		{21AA590E-EFAD-4943-BA75-0D4C979E84F0}.Release|x86.ActiveCfg = Release|Any CPU
		{21AA590E-EFAD-4943-BA75-0D4C979E84F0}.Release|x86.Build.0 = Release|Any CPU
	EndGlobalSection
	GlobalSection(SolutionProperties) = preSolution
		HideSolutionNode = FALSE
	EndGlobalSection
	GlobalSection(ExtensibilityGlobals) = postSolution
		SolutionGuid = {05671687-4DC3-411F-9FB1-5BA06E001E1C}
	EndGlobalSection
EndGlobal
